
Microsoft Visual Studio Solution File, Format Version 12.00
# Visual Studio Version 16
VisualStudioVersion = 16.0.29503.13
MinimumVisualStudioVersion = 10.0.40219.1
Project("{FAE04EC0-301F-11D3-BF4B-00C04F79EFBC}") = "Sol_Core_EmployeeInfo", "Sol_Core_EmployeeInfo.csproj", "{49279D52-95D7-477B-8922-8CEEDC823E5E}"
EndProject
Global
	GlobalSection(SolutionConfigurationPlatforms) = preSolution
		Debug|Any CPU = Debug|Any CPU
		Release|Any CPU = Release|Any CPU
	EndGlobalSection
	GlobalSection(ProjectConfigurationPlatforms) = postSolution
		{49279D52-95D7-477B-8922-8CEEDC823E5E}.Debug|Any CPU.ActiveCfg = Debug|Any CPU
		{49279D52-95D7-477B-8922-8CEEDC823E5E}.Debug|Any CPU.Build.0 = Debug|Any CPU
		{49279D52-95D7-477B-8922-8CEEDC823E5E}.Release|Any CPU.ActiveCfg = Release|Any CPU
		{49279D52-95D7-477B-8922-8CEEDC823E5E}.Release|Any CPU.Build.0 = Release|Any CPU
	EndGlobalSection
	GlobalSection(SolutionProperties) = preSolution
		HideSolutionNode = FALSE
	EndGlobalSection
	GlobalSection(ExtensibilityGlobals) = postSolution
		SolutionGuid = {934D50CA-1876-4F9E-B42B-67E1825B5288}
	EndGlobalSection
EndGlobal
